
Microsoft Visual Studio Solution File, Format Version 12.00
# Visual Studio Version 17
VisualStudioVersion = 17.11.35327.3
MinimumVisualStudioVersion = 10.0.40219.1
Project("{FAE04EC0-301F-11D3-BF4B-00C04F79EFBC}") = "AvaloniaApplication1", "AvaloniaApplication1\AvaloniaApplication1.csproj", "{F352C8A1-B14A-4007-8E12-DA7649BA4BDF}"
EndProject
Global
	GlobalSection(SolutionConfigurationPlatforms) = preSolution
		Debug|Any CPU = Debug|Any CPU
		Release|Any CPU = Release|Any CPU
	EndGlobalSection
	GlobalSection(ProjectConfigurationPlatforms) = postSolution
		{F352C8A1-B14A-4007-8E12-DA7649BA4BDF}.Debug|Any CPU.ActiveCfg = Debug|Any CPU
		{F352C8A1-B14A-4007-8E12-DA7649BA4BDF}.Debug|Any CPU.Build.0 = Debug|Any CPU
		{F352C8A1-B14A-4007-8E12-DA7649BA4BDF}.Release|Any CPU.ActiveCfg = Release|Any CPU
		{F352C8A1-B14A-4007-8E12-DA7649BA4BDF}.Release|Any CPU.Build.0 = Release|Any CPU
	EndGlobalSection
	GlobalSection(SolutionProperties) = preSolution
		HideSolutionNode = FALSE
	EndGlobalSection
	GlobalSection(ExtensibilityGlobals) = postSolution
		SolutionGuid = {61F37FE3-AFF4-448E-888F-1628709ADC6B}
	EndGlobalSection
EndGlobal
