
Microsoft Visual Studio Solution File, Format Version 12.00
# Visual Studio Version 17
VisualStudioVersion = 17.11.35327.3
MinimumVisualStudioVersion = 10.0.40219.1
Project("{FAE04EC0-301F-11D3-BF4B-00C04F79EFBC}") = "WpfApp1", "WpfApp1\WpfApp1.csproj", "{406A4E66-26E8-4BB5-BD5C-0F08A76F14C4}"
EndProject
Global
	GlobalSection(SolutionConfigurationPlatforms) = preSolution
		Debug|Any CPU = Debug|Any CPU
		Release|Any CPU = Release|Any CPU
	EndGlobalSection
	GlobalSection(ProjectConfigurationPlatforms) = postSolution
		{406A4E66-26E8-4BB5-BD5C-0F08A76F14C4}.Debug|Any CPU.ActiveCfg = Debug|Any CPU
		{406A4E66-26E8-4BB5-BD5C-0F08A76F14C4}.Debug|Any CPU.Build.0 = Debug|Any CPU
		{406A4E66-26E8-4BB5-BD5C-0F08A76F14C4}.Release|Any CPU.ActiveCfg = Release|Any CPU
		{406A4E66-26E8-4BB5-BD5C-0F08A76F14C4}.Release|Any CPU.Build.0 = Release|Any CPU
	EndGlobalSection
	GlobalSection(SolutionProperties) = preSolution
		HideSolutionNode = FALSE
	EndGlobalSection
	GlobalSection(ExtensibilityGlobals) = postSolution
		SolutionGuid = {A658CD6F-3446-4284-B2B9-CB00AC4C8A0F}
	EndGlobalSection
EndGlobal
